
Microsoft Visual Studio Solution File, Format Version 12.00
# Visual Studio Version 17
VisualStudioVersion = 17.2.32505.173
MinimumVisualStudioVersion = 10.0.40219.1
Project("{888888A0-9F3D-457C-B088-3A5042F75D52}") = "DjangoWebProject1", "DjangoWebProject1\DjangoWebProject1.pyproj", "{B871EFD4-0AD7-4C13-8E63-56A50FEE4C3B}"
EndProject
Global
	GlobalSection(SolutionConfigurationPlatforms) = preSolution
		Debug|Any CPU = Debug|Any CPU
		Release|Any CPU = Release|Any CPU
	EndGlobalSection
	GlobalSection(ProjectConfigurationPlatforms) = postSolution
		{B871EFD4-0AD7-4C13-8E63-56A50FEE4C3B}.Debug|Any CPU.ActiveCfg = Debug|Any CPU
		{B871EFD4-0AD7-4C13-8E63-56A50FEE4C3B}.Debug|Any CPU.Build.0 = Debug|Any CPU
		{B871EFD4-0AD7-4C13-8E63-56A50FEE4C3B}.Release|Any CPU.ActiveCfg = Release|Any CPU
		{B871EFD4-0AD7-4C13-8E63-56A50FEE4C3B}.Release|Any CPU.Build.0 = Release|Any CPU
	EndGlobalSection
	GlobalSection(SolutionProperties) = preSolution
		HideSolutionNode = FALSE
	EndGlobalSection
	GlobalSection(ExtensibilityGlobals) = postSolution
		SolutionGuid = {BD8DB944-C3B3-4128-ABE0-7DE99060B33D}
	EndGlobalSection
EndGlobal
